// !$*UTF8*$!
{
	archiveVersion = 1;
	classes = {
	};
	objectVersion = 46;
	objects = {

/* Begin PBXBuildFile section */
		6F7F61CB1F3C1DDB00DBBFE9 /* main.m in Sources */ = {isa = PBXBuildFile; fileRef = 6F7F61CA1F3C1DDB00DBBFE9 /* main.m */; };
		6F7F61CE1F3C1DDB00DBBFE9 /* AppDelegate.m in Sources */ = {isa = PBXBuildFile; fileRef = 6F7F61CD1F3C1DDB00DBBFE9 /* AppDelegate.m */; };
		6F7F61D11F3C1DDB00DBBFE9 /* ViewController.m in Sources */ = {isa = PBXBuildFile; fileRef = 6F7F61D01F3C1DDB00DBBFE9 /* ViewController.m */; };
		6F7F61D41F3C1DDB00DBBFE9 /* Main.storyboard in Resources */ = {isa = PBXBuildFile; fileRef = 6F7F61D21F3C1DDB00DBBFE9 /* Main.storyboard */; };
		6F7F61D61F3C1DDB00DBBFE9 /* Assets.xcassets in Resources */ = {isa = PBXBuildFile; fileRef = 6F7F61D51F3C1DDB00DBBFE9 /* Assets.xcassets */; };
		6F7F61D91F3C1DDB00DBBFE9 /* LaunchScreen.storyboard in Resources */ = {isa = PBXBuildFile; fileRef = 6F7F61D71F3C1DDB00DBBFE9 /* LaunchScreen.storyboard */; };
		6F7F61E31F3C1E1F00DBBFE9 /* CZDateUtility.m in Sources */ = {isa = PBXBuildFile; fileRef = 6F7F61E21F3C1E1F00DBBFE9 /* CZDateUtility.m */; };
/* End PBXBuildFile section */

/* Begin PBXFileReference section */
		6F7F61C61F3C1DDB00DBBFE9 /* CZDateUtilityDemo.app */ = {isa = PBXFileReference; explicitFileType = wrapper.application; includeInIndex = 0; path = CZDateUtilityDemo.app; sourceTree = BUILT_PRODUCTS_DIR; };
		6F7F61CA1F3C1DDB00DBBFE9 /* main.m */ = {isa = PBXFileReference; lastKnownFileType = sourcecode.c.objc; path = main.m; sourceTree = "<group>"; };
		6F7F61CC1F3C1DDB00DBBFE9 /* AppDelegate.h */ = {isa = PBXFileReference; lastKnownFileType = sourcecode.c.h; path = AppDelegate.h; sourceTree = "<group>"; };
		6F7F61CD1F3C1DDB00DBBFE9 /* AppDelegate.m */ = {isa = PBXFileReference; lastKnownFileType = sourcecode.c.objc; path = AppDelegate.m; sourceTree = "<group>"; };
		6F7F61CF1F3C1DDB00DBBFE9 /* ViewController.h */ = {isa = PBXFileReference; lastKnownFileType = sourcecode.c.h; path = ViewController.h; sourceTree = "<group>"; };
		6F7F61D01F3C1DDB00DBBFE9 /* ViewController.m */ = {isa = PBXFileReference; lastKnownFileType = sourcecode.c.objc; path = ViewController.m; sourceTree = "<group>"; };
		6F7F61D31F3C1DDB00DBBFE9 /* Base */ = {isa = PBXFileReference; lastKnownFileType = file.storyboard; name = Base; path = Base.lproj/Main.storyboard; sourceTree = "<group>"; };
		6F7F61D51F3C1DDB00DBBFE9 /* Assets.xcassets */ = {isa = PBXFileReference; lastKnownFileType = folder.assetcatalog; path = Assets.xcassets; sourceTree = "<group>"; };
		6F7F61D81F3C1DDB00DBBFE9 /* Base */ = {isa = PBXFileReference; lastKnownFileType = file.storyboard; name = Base; path = Base.lproj/LaunchScreen.storyboard; sourceTree = "<group>"; };
		6F7F61DA1F3C1DDB00DBBFE9 /* Info.plist */ = {isa = PBXFileReference; lastKnownFileType = text.plist.xml; path = Info.plist; sourceTree = "<group>"; };
		6F7F61E11F3C1E1F00DBBFE9 /* CZDateUtility.h */ = {isa = PBXFileReference; fileEncoding = 4; lastKnownFileType = sourcecode.c.h; path = CZDateUtility.h; sourceTree = "<group>"; };
		6F7F61E21F3C1E1F00DBBFE9 /* CZDateUtility.m */ = {isa = PBXFileReference; fileEncoding = 4; lastKnownFileType = sourcecode.c.objc; path = CZDateUtility.m; sourceTree = "<group>"; };
/* End PBXFileReference section */

/* Begin PBXFrameworksBuildPhase section */
		6F7F61C31F3C1DDB00DBBFE9 /* Frameworks */ = {
			isa = PBXFrameworksBuildPhase;
			buildActionMask = 2147483647;
			files = (
			);
			runOnlyForDeploymentPostprocessing = 0;
		};
/* End PBXFrameworksBuildPhase section */

/* Begin PBXGroup section */
		6F7F61BD1F3C1DDB00DBBFE9 = {
			isa = PBXGroup;
			children = (
				6F7F61C81F3C1DDB00DBBFE9 /* CZDateUtilityDemo */,
				6F7F61E01F3C1E1F00DBBFE9 /* CZDateUtility */,
				6F7F61C71F3C1DDB00DBBFE9 /* Products */,
			);
			sourceTree = "<group>";
		};
		6F7F61C71F3C1DDB00DBBFE9 /* Products */ = {
			isa = PBXGroup;
			children = (
				6F7F61C61F3C1DDB00DBBFE9 /* CZDateUtilityDemo.app */,
			);
			name = Products;
			sourceTree = "<group>";
		};
		6F7F61C81F3C1DDB00DBBFE9 /* CZDateUtilityDemo */ = {
			isa = PBXGroup;
			children = (
				6F7F61CC1F3C1DDB00DBBFE9 /* AppDelegate.h */,
				6F7F61CD1F3C1DDB00DBBFE9 /* AppDelegate.m */,
				6F7F61CF1F3C1DDB00DBBFE9 /* ViewController.h */,
				6F7F61D01F3C1DDB00DBBFE9 /* ViewController.m */,
				6F7F61D21F3C1DDB00DBBFE9 /* Main.storyboard */,
				6F7F61D51F3C1DDB00DBBFE9 /* Assets.xcassets */,
				6F7F61D71F3C1DDB00DBBFE9 /* LaunchScreen.storyboard */,
				6F7F61DA1F3C1DDB00DBBFE9 /* Info.plist */,
				6F7F61C91F3C1DDB00DBBFE9 /* Supporting Files */,
			);
			path = CZDateUtilityDemo;
			sourceTree = "<group>";
		};
		6F7F61C91F3C1DDB00DBBFE9 /* Supporting Files */ = {
			isa = PBXGroup;
			children = (
				6F7F61CA1F3C1DDB00DBBFE9 /* main.m */,
			);
			name = "Supporting Files";
			sourceTree = "<group>";
		};
		6F7F61E01F3C1E1F00DBBFE9 /* CZDateUtility */ = {
			isa = PBXGroup;
			children = (
				6F7F61E11F3C1E1F00DBBFE9 /* CZDateUtility.h */,
				6F7F61E21F3C1E1F00DBBFE9 /* CZDateUtility.m */,
			);
			path = CZDateUtility;
			sourceTree = "<group>";
		};
/* End PBXGroup section */

/* Begin PBXNativeTarget section */
		6F7F61C51F3C1DDB00DBBFE9 /* CZDateUtilityDemo */ = {
			isa = PBXNativeTarget;
			buildConfigurationList = 6F7F61DD1F3C1DDB00DBBFE9 /* Build configuration list for PBXNativeTarget "CZDateUtilityDemo" */;
			buildPhases = (
				6F7F61C21F3C1DDB00DBBFE9 /* Sources */,
				6F7F61C31F3C1DDB00DBBFE9 /* Frameworks */,
				6F7F61C41F3C1DDB00DBBFE9 /* Resources */,
			);
			buildRules = (
			);
			dependencies = (
			);
			name = CZDateUtilityDemo;
			productName = CZDateUtilityDemo;
			productReference = 6F7F61C61F3C1DDB00DBBFE9 /* CZDateUtilityDemo.app */;
			productType = "com.apple.product-type.application";
		};
/* End PBXNativeTarget section */

/* Begin PBXProject section */
		6F7F61BE1F3C1DDB00DBBFE9 /* Project object */ = {
			isa = PBXProject;
			attributes = {
				LastUpgradeCheck = 0830;
				ORGANIZATIONNAME = "Clay Zhu";
				TargetAttributes = {
					6F7F61C51F3C1DDB00DBBFE9 = {
						CreatedOnToolsVersion = 8.3.3;
						ProvisioningStyle = Automatic;
					};
				};
			};
			buildConfigurationList = 6F7F61C11F3C1DDB00DBBFE9 /* Build configuration list for PBXProject "CZDateUtilityDemo" */;
			compatibilityVersion = "Xcode 3.2";
			developmentRegion = English;
			hasScannedForEncodings = 0;
			knownRegions = (
				en,
				Base,
			);
			mainGroup = 6F7F61BD1F3C1DDB00DBBFE9;
			productRefGroup = 6F7F61C71F3C1DDB00DBBFE9 /* Products */;
			projectDirPath = "";
			projectRoot = "";
			targets = (
				6F7F61C51F3C1DDB00DBBFE9 /* CZDateUtilityDemo */,
			);
		};
/* End PBXProject section */

/* Begin PBXResourcesBuildPhase section */
		6F7F61C41F3C1DDB00DBBFE9 /* Resources */ = {
			isa = PBXResourcesBuildPhase;
			buildActionMask = 2147483647;
			files = (
				6F7F61D91F3C1DDB00DBBFE9 /* LaunchScreen.storyboard in Resources */,
				6F7F61D61F3C1DDB00DBBFE9 /* Assets.xcassets in Resources */,
				6F7F61D41F3C1DDB00DBBFE9 /* Main.storyboard in Resources */,
			);
			runOnlyForDeploymentPostprocessing = 0;
		};
/* End PBXResourcesBuildPhase section */

/* Begin PBXSourcesBuildPhase section */
		6F7F61C21F3C1DDB00DBBFE9 /* Sources */ = {
			isa = PBXSourcesBuildPhase;
			buildActionMask = 2147483647;
			files = (
				6F7F61D11F3C1DDB00DBBFE9 /* ViewController.m in Sources */,
				6F7F61E31F3C1E1F00DBBFE9 /* CZDateUtility.m in Sources */,
				6F7F61CE1F3C1DDB00DBBFE9 /* AppDelegate.m in Sources */,
				6F7F61CB1F3C1DDB00DBBFE9 /* main.m in Sources */,
			);
			runOnlyForDeploymentPostprocessing = 0;
		};
/* End PBXSourcesBuildPhase section */

/* Begin PBXVariantGroup section */
		6F7F61D21F3C1DDB00DBBFE9 /* Main.storyboard */ = {
			isa = PBXVariantGroup;
			children = (
				6F7F61D31F3C1DDB00DBBFE9 /* Base */,
			);
			name = Main.storyboard;
			sourceTree = "<group>";
		};
		6F7F61D71F3C1DDB00DBBFE9 /* LaunchScreen.storyboard */ = {
			isa = PBXVariantGroup;
			children = (
				6F7F61D81F3C1DDB00DBBFE9 /* Base */,
			);
			name = LaunchScreen.storyboard;
			sourceTree = "<group>";
		};
/* End PBXVariantGroup section */

/* Begin XCBuildConfiguration section */
		6F7F61DB1F3C1DDB00DBBFE9 /* Debug */ = {
			isa = XCBuildConfiguration;
			buildSettings = {
				ALWAYS_SEARCH_USER_PATHS = NO;
				CLANG_ANALYZER_NONNULL = YES;
				CLANG_ANALYZER_NUMBER_OBJECT_CONVERSION = YES_AGGRESSIVE;
				CLANG_CXX_LANGUAGE_STANDARD = "gnu++0x";
				CLANG_CXX_LIBRARY = "libc++";
				CLANG_ENABLE_MODULES = YES;
				CLANG_ENABLE_OBJC_ARC = YES;
				CLANG_WARN_BOOL_CONVERSION = YES;
				CLANG_WARN_CONSTANT_CONVERSION = YES;
				CLANG_WARN_DIRECT_OBJC_ISA_USAGE = YES_ERROR;
				CLANG_WARN_DOCUMENTATION_COMMENTS = YES;
				CLANG_WARN_EMPTY_BODY = YES;
				CLANG_WARN_ENUM_CONVERSION = YES;
				CLANG_WARN_INFINITE_RECURSION = YES;
				CLANG_WARN_INT_CONVERSION = YES;
				CLANG_WARN_OBJC_ROOT_CLASS = YES_ERROR;
				CLANG_WARN_SUSPICIOUS_MOVE = YES;
				CLANG_WARN_UNREACHABLE_CODE = YES;
				CLANG_WARN__DUPLICATE_METHOD_MATCH = YES;
				"CODE_SIGN_IDENTITY[sdk=iphoneos*]" = "iPhone Developer";
				COPY_PHASE_STRIP = NO;
				DEBUG_INFORMATION_FORMAT = dwarf;
				ENABLE_STRICT_OBJC_MSGSEND = YES;
				ENABLE_TESTABILITY = YES;
				GCC_C_LANGUAGE_STANDARD = gnu99;
				GCC_DYNAMIC_NO_PIC = NO;
				GCC_NO_COMMON_BLOCKS = YES;
				GCC_OPTIMIZATION_LEVEL = 0;
				GCC_PREPROCESSOR_DEFINITIONS = (
					"DEBUG=1",
					"$(inherited)",
				);
				GCC_WARN_64_TO_32_BIT_CONVERSION = YES;
				GCC_WARN_ABOUT_RETURN_TYPE = YES_ERROR;
				GCC_WARN_UNDECLARED_SELECTOR = YES;
				GCC_WARN_UNINITIALIZED_AUTOS = YES_AGGRESSIVE;
				GCC_WARN_UNUSED_FUNCTION = YES;
				GCC_WARN_UNUSED_VARIABLE = YES;
				IPHONEOS_DEPLOYMENT_TARGET = 10.3;
				MTL_ENABLE_DEBUG_INFO = YES;
				ONLY_ACTIVE_ARCH = YES;
				SDKROOT = iphoneos;
				TARGETED_DEVICE_FAMILY = "1,2";
			};
			name = Debug;
		};
		6F7F61DC1F3C1DDB00DBBFE9 /* Release */ = {
			isa = XCBuildConfiguration;
			buildSettings = {
				ALWAYS_SEARCH_USER_PATHS = NO;
				CLANG_ANALYZER_NONNULL = YES;
				CLANG_ANALYZER_NUMBER_OBJECT_CONVERSION = YES_AGGRESSIVE;
				CLANG_CXX_LANGUAGE_STANDARD = "gnu++0x";
				CLANG_CXX_LIBRARY = "libc++";
				CLANG_ENABLE_MODULES = YES;
				CLANG_ENABLE_OBJC_ARC = YES;
				CLANG_WARN_BOOL_CONVERSION = YES;
				CLANG_WARN_CONSTANT_CONVERSION = YES;
				CLANG_WARN_DIRECT_OBJC_ISA_USAGE = YES_ERROR;
				CLANG_WARN_DOCUMENTATION_COMMENTS = YES;
				CLANG_WARN_EMPTY_BODY = YES;
				CLANG_WARN_ENUM_CONVERSION = YES;
				CLANG_WARN_INFINITE_RECURSION = YES;
				CLANG_WARN_INT_CONVERSION = YES;
				CLANG_WARN_OBJC_ROOT_CLASS = YES_ERROR;
				CLANG_WARN_SUSPICIOUS_MOVE = YES;
				CLANG_WARN_UNREACHABLE_CODE = YES;
				CLANG_WARN__DUPLICATE_METHOD_MATCH = YES;
				"CODE_SIGN_IDENTITY[sdk=iphoneos*]" = "iPhone Developer";
				COPY_PHASE_STRIP = NO;
				DEBUG_INFORMATION_FORMAT = "dwarf-with-dsym";
				ENABLE_NS_ASSERTIONS = NO;
				ENABLE_STRICT_OBJC_MSGSEND = YES;
				GCC_C_LANGUAGE_STANDARD = gnu99;
				GCC_NO_COMMON_BLOCKS = YES;
				GCC_WARN_64_TO_32_BIT_CONVERSION = YES;
				GCC_WARN_ABOUT_RETURN_TYPE = YES_ERROR;
				GCC_WARN_UNDECLARED_SELECTOR = YES;
				GCC_WARN_UNINITIALIZED_AUTOS = YES_AGGRESSIVE;
				GCC_WARN_UNUSED_FUNCTION = YES;
				GCC_WARN_UNUSED_VARIABLE = YES;
				IPHONEOS_DEPLOYMENT_TARGET = 10.3;
				MTL_ENABLE_DEBUG_INFO = NO;
				SDKROOT = iphoneos;
				TARGETED_DEVICE_FAMILY = "1,2";
				VALIDATE_PRODUCT = YES;
			};
			name = Release;
		};
		6F7F61DE1F3C1DDB00DBBFE9 /* Debug */ = {
			isa = XCBuildConfiguration;
			buildSettings = {
				ASSETCATALOG_COMPILER_APPICON_NAME = AppIcon;
				INFOPLIST_FILE = CZDateUtilityDemo/Info.plist;
				IPHONEOS_DEPLOYMENT_TARGET = 8.0;
				LD_RUNPATH_SEARCH_PATHS = "$(inherited) @executable_path/Frameworks";
				PRODUCT_BUNDLE_IDENTIFIER = com.clayzhu.CZDateUtilityDemo;
				PRODUCT_NAME = "$(TARGET_NAME)";
			};
			name = Debug;
		};
		6F7F61DF1F3C1DDB00DBBFE9 /* Release */ = {
			isa = XCBuildConfiguration;
			buildSettings = {
				ASSETCATALOG_COMPILER_APPICON_NAME = AppIcon;
				INFOPLIST_FILE = CZDateUtilityDemo/Info.plist;
				IPHONEOS_DEPLOYMENT_TARGET = 8.0;
				LD_RUNPATH_SEARCH_PATHS = "$(inherited) @executable_path/Frameworks";
				PRODUCT_BUNDLE_IDENTIFIER = com.clayzhu.CZDateUtilityDemo;
				PRODUCT_NAME = "$(TARGET_NAME)";
			};
			name = Release;
		};
/* End XCBuildConfiguration section */

/* Begin XCConfigurationList section */
		6F7F61C11F3C1DDB00DBBFE9 /* Build configuration list for PBXProject "CZDateUtilityDemo" */ = {
			isa = XCConfigurationList;
			buildConfigurations = (
				6F7F61DB1F3C1DDB00DBBFE9 /* Debug */,
				6F7F61DC1F3C1DDB00DBBFE9 /* Release */,
			);
			defaultConfigurationIsVisible = 0;
			defaultConfigurationName = Release;
		};
		6F7F61DD1F3C1DDB00DBBFE9 /* Build configuration list for PBXNativeTarget "CZDateUtilityDemo" */ = {
			isa = XCConfigurationList;
			buildConfigurations = (
				6F7F61DE1F3C1DDB00DBBFE9 /* Debug */,
				6F7F61DF1F3C1DDB00DBBFE9 /* Release */,
			);
			defaultConfigurationIsVisible = 0;
		};
/* End XCConfigurationList section */
	};
	rootObject = 6F7F61BE1F3C1DDB00DBBFE9 /* Project object */;
}
